
Microsoft Visual Studio Solution File, Format Version 12.00
# Visual Studio Version 16
VisualStudioVersion = 16.0.31005.135
MinimumVisualStudioVersion = 10.0.40219.1
Project("{FAE04EC0-301F-11D3-BF4B-00C04F79EFBC}") = "ConsoleApp1", "ConsoleApp1.csproj", "{1A5FB297-8FBC-4DAC-97E2-59FE9ADA142B}"
EndProject
Global
	GlobalSection(SolutionConfigurationPlatforms) = preSolution
		Debug|Any CPU = Debug|Any CPU
		Release|Any CPU = Release|Any CPU
	EndGlobalSection
	GlobalSection(ProjectConfigurationPlatforms) = postSolution
		{1A5FB297-8FBC-4DAC-97E2-59FE9ADA142B}.Debug|Any CPU.ActiveCfg = Debug|Any CPU
		{1A5FB297-8FBC-4DAC-97E2-59FE9ADA142B}.Debug|Any CPU.Build.0 = Debug|Any CPU
		{1A5FB297-8FBC-4DAC-97E2-59FE9ADA142B}.Release|Any CPU.ActiveCfg = Release|Any CPU
		{1A5FB297-8FBC-4DAC-97E2-59FE9ADA142B}.Release|Any CPU.Build.0 = Release|Any CPU
	EndGlobalSection
	GlobalSection(SolutionProperties) = preSolution
		HideSolutionNode = FALSE
	EndGlobalSection
	GlobalSection(ExtensibilityGlobals) = postSolution
		SolutionGuid = {6B11E1F5-944E-4268-B967-4F545AD8F3B6}
	EndGlobalSection
EndGlobal
